
Microsoft Visual Studio Solution File, Format Version 12.00
# Visual Studio 15
VisualStudioVersion = 15.0.26730.12
MinimumVisualStudioVersion = 10.0.40219.1
Project("{888888A0-9F3D-457C-B088-3A5042F75D52}") = "tcpIpConnectTest", "tcpIpConnectTest\tcpIpConnectTest.pyproj", "{D65C932B-4BD4-4D7F-BC29-FA5FE62F9545}"
EndProject
Global
	GlobalSection(SolutionConfigurationPlatforms) = preSolution
		Debug|Any CPU = Debug|Any CPU
		Release|Any CPU = Release|Any CPU
	EndGlobalSection
	GlobalSection(ProjectConfigurationPlatforms) = postSolution
		{D65C932B-4BD4-4D7F-BC29-FA5FE62F9545}.Debug|Any CPU.ActiveCfg = Debug|Any CPU
		{D65C932B-4BD4-4D7F-BC29-FA5FE62F9545}.Release|Any CPU.ActiveCfg = Release|Any CPU
	EndGlobalSection
	GlobalSection(SolutionProperties) = preSolution
		HideSolutionNode = FALSE
	EndGlobalSection
	GlobalSection(ExtensibilityGlobals) = postSolution
		SolutionGuid = {F991DAF7-9F46-472E-8525-E96E44957EE7}
	EndGlobalSection
EndGlobal
